
Microsoft Visual Studio Solution File, Format Version 12.00
# Visual Studio 2012
Project("{FAE04EC0-301F-11D3-BF4B-00C04F79EFBC}") = "WeActiveApp", "WeActiveApp\WeActiveApp.csproj", "{B0E5DA9D-F5C7-4D4D-837D-982BE466ECF6}"
EndProject
Project("{FAE04EC0-301F-11D3-BF4B-00C04F79EFBC}") = "WeActiveApp.iOS", "iOS\WeActiveApp.iOS.csproj", "{77649000-9FD5-4D93-9774-5EF4D9C85FA2}"
EndProject
Project("{FAE04EC0-301F-11D3-BF4B-00C04F79EFBC}") = "WeActiveApp.Droid", "Droid\WeActiveApp.Droid.csproj", "{D7E338B8-FA1F-4982-9360-7760C9FAF560}"
EndProject
Project("{FAE04EC0-301F-11D3-BF4B-00C04F79EFBC}") = "WeActiveLibrary", "..\..\Library\WeActiveLibrary\WeActiveLibrary\WeActiveLibrary.csproj", "{08E5150D-0684-4AD2-A289-05E46B4520B3}"
EndProject
Global
	GlobalSection(SolutionConfigurationPlatforms) = preSolution
		Debug|Any CPU = Debug|Any CPU
		Release|Any CPU = Release|Any CPU
		Debug|iPhoneSimulator = Debug|iPhoneSimulator
		Release|iPhone = Release|iPhone
		Release|iPhoneSimulator = Release|iPhoneSimulator
		Debug|iPhone = Debug|iPhone
	EndGlobalSection
	GlobalSection(ProjectConfigurationPlatforms) = postSolution
		{B0E5DA9D-F5C7-4D4D-837D-982BE466ECF6}.Debug|Any CPU.ActiveCfg = Debug|Any CPU
		{B0E5DA9D-F5C7-4D4D-837D-982BE466ECF6}.Debug|Any CPU.Build.0 = Debug|Any CPU
		{B0E5DA9D-F5C7-4D4D-837D-982BE466ECF6}.Release|Any CPU.ActiveCfg = Release|Any CPU
		{B0E5DA9D-F5C7-4D4D-837D-982BE466ECF6}.Release|Any CPU.Build.0 = Release|Any CPU
		{B0E5DA9D-F5C7-4D4D-837D-982BE466ECF6}.Debug|iPhoneSimulator.ActiveCfg = Debug|Any CPU
		{B0E5DA9D-F5C7-4D4D-837D-982BE466ECF6}.Debug|iPhoneSimulator.Build.0 = Debug|Any CPU
		{B0E5DA9D-F5C7-4D4D-837D-982BE466ECF6}.Release|iPhone.ActiveCfg = Release|Any CPU
		{B0E5DA9D-F5C7-4D4D-837D-982BE466ECF6}.Release|iPhone.Build.0 = Release|Any CPU
		{B0E5DA9D-F5C7-4D4D-837D-982BE466ECF6}.Release|iPhoneSimulator.ActiveCfg = Release|Any CPU
		{B0E5DA9D-F5C7-4D4D-837D-982BE466ECF6}.Release|iPhoneSimulator.Build.0 = Release|Any CPU
		{B0E5DA9D-F5C7-4D4D-837D-982BE466ECF6}.Debug|iPhone.ActiveCfg = Debug|Any CPU
		{B0E5DA9D-F5C7-4D4D-837D-982BE466ECF6}.Debug|iPhone.Build.0 = Debug|Any CPU
		{77649000-9FD5-4D93-9774-5EF4D9C85FA2}.Debug|Any CPU.ActiveCfg = Debug|iPhoneSimulator
		{77649000-9FD5-4D93-9774-5EF4D9C85FA2}.Debug|Any CPU.Build.0 = Debug|iPhoneSimulator
		{77649000-9FD5-4D93-9774-5EF4D9C85FA2}.Release|Any CPU.ActiveCfg = Release|iPhone
		{77649000-9FD5-4D93-9774-5EF4D9C85FA2}.Release|Any CPU.Build.0 = Release|iPhone
		{77649000-9FD5-4D93-9774-5EF4D9C85FA2}.Debug|iPhoneSimulator.ActiveCfg = Debug|iPhoneSimulator
		{77649000-9FD5-4D93-9774-5EF4D9C85FA2}.Debug|iPhoneSimulator.Build.0 = Debug|iPhoneSimulator
		{77649000-9FD5-4D93-9774-5EF4D9C85FA2}.Release|iPhone.ActiveCfg = Release|iPhone
		{77649000-9FD5-4D93-9774-5EF4D9C85FA2}.Release|iPhone.Build.0 = Release|iPhone
		{77649000-9FD5-4D93-9774-5EF4D9C85FA2}.Release|iPhoneSimulator.ActiveCfg = Release|iPhoneSimulator
		{77649000-9FD5-4D93-9774-5EF4D9C85FA2}.Release|iPhoneSimulator.Build.0 = Release|iPhoneSimulator
		{77649000-9FD5-4D93-9774-5EF4D9C85FA2}.Debug|iPhone.ActiveCfg = Debug|iPhone
		{77649000-9FD5-4D93-9774-5EF4D9C85FA2}.Debug|iPhone.Build.0 = Debug|iPhone
		{D7E338B8-FA1F-4982-9360-7760C9FAF560}.Debug|Any CPU.ActiveCfg = Debug|Any CPU
		{D7E338B8-FA1F-4982-9360-7760C9FAF560}.Debug|Any CPU.Build.0 = Debug|Any CPU
		{D7E338B8-FA1F-4982-9360-7760C9FAF560}.Release|Any CPU.ActiveCfg = Release|Any CPU
		{D7E338B8-FA1F-4982-9360-7760C9FAF560}.Release|Any CPU.Build.0 = Release|Any CPU
		{D7E338B8-FA1F-4982-9360-7760C9FAF560}.Debug|iPhoneSimulator.ActiveCfg = Debug|Any CPU
		{D7E338B8-FA1F-4982-9360-7760C9FAF560}.Debug|iPhoneSimulator.Build.0 = Debug|Any CPU
		{D7E338B8-FA1F-4982-9360-7760C9FAF560}.Release|iPhone.ActiveCfg = Release|Any CPU
		{D7E338B8-FA1F-4982-9360-7760C9FAF560}.Release|iPhone.Build.0 = Release|Any CPU
		{D7E338B8-FA1F-4982-9360-7760C9FAF560}.Release|iPhoneSimulator.ActiveCfg = Release|Any CPU
		{D7E338B8-FA1F-4982-9360-7760C9FAF560}.Release|iPhoneSimulator.Build.0 = Release|Any CPU
		{D7E338B8-FA1F-4982-9360-7760C9FAF560}.Debug|iPhone.ActiveCfg = Debug|Any CPU
		{D7E338B8-FA1F-4982-9360-7760C9FAF560}.Debug|iPhone.Build.0 = Debug|Any CPU
		{08E5150D-0684-4AD2-A289-05E46B4520B3}.Debug|Any CPU.ActiveCfg = Debug|Any CPU
		{08E5150D-0684-4AD2-A289-05E46B4520B3}.Debug|Any CPU.Build.0 = Debug|Any CPU
		{08E5150D-0684-4AD2-A289-05E46B4520B3}.Release|Any CPU.ActiveCfg = Release|Any CPU
		{08E5150D-0684-4AD2-A289-05E46B4520B3}.Release|Any CPU.Build.0 = Release|Any CPU
		{08E5150D-0684-4AD2-A289-05E46B4520B3}.Debug|iPhoneSimulator.ActiveCfg = Debug|Any CPU
		{08E5150D-0684-4AD2-A289-05E46B4520B3}.Debug|iPhoneSimulator.Build.0 = Debug|Any CPU
		{08E5150D-0684-4AD2-A289-05E46B4520B3}.Release|iPhone.ActiveCfg = Release|Any CPU
		{08E5150D-0684-4AD2-A289-05E46B4520B3}.Release|iPhone.Build.0 = Release|Any CPU
		{08E5150D-0684-4AD2-A289-05E46B4520B3}.Release|iPhoneSimulator.ActiveCfg = Release|Any CPU
		{08E5150D-0684-4AD2-A289-05E46B4520B3}.Release|iPhoneSimulator.Build.0 = Release|Any CPU
		{08E5150D-0684-4AD2-A289-05E46B4520B3}.Debug|iPhone.ActiveCfg = Debug|Any CPU
		{08E5150D-0684-4AD2-A289-05E46B4520B3}.Debug|iPhone.Build.0 = Debug|Any CPU
	EndGlobalSection
EndGlobal
